PODS:
  - ApplicationMonitor (0.1.0)

DEPENDENCIES:
  - ApplicationMonitor (from `../`)

EXTERNAL SOURCES:
  ApplicationMonitor:
    :path: "../"

SPEC CHECKSUMS:
  ApplicationMonitor: f105dd1a73a9adc29834082f3b52458d0e21025a

PODFILE CHECKSUM: ade49df71c709f73bfbeb3da3aceb18c82eaabba

COCOAPODS: 1.0.1
